
Microsoft Visual Studio Solution File, Format Version 12.00
# Visual Studio Version 17
VisualStudioVersion = 17.9.34723.18
MinimumVisualStudioVersion = 10.0.40219.1
Project("{FAE04EC0-301F-11D3-BF4B-00C04F79EFBC}") = "FoodWasteApp", "FoodWasteApp.csproj", "{98AC941E-7C50-451C-A59E-B72EDF8B54EE}"
EndProject
Global
	GlobalSection(SolutionConfigurationPlatforms) = preSolution
		Debug|Any CPU = Debug|Any CPU
		Release|Any CPU = Release|Any CPU
	EndGlobalSection
	GlobalSection(ProjectConfigurationPlatforms) = postSolution
		{98AC941E-7C50-451C-A59E-B72EDF8B54EE}.Debug|Any CPU.ActiveCfg = Debug|Any CPU
		{98AC941E-7C50-451C-A59E-B72EDF8B54EE}.Debug|Any CPU.Build.0 = Debug|Any CPU
		{98AC941E-7C50-451C-A59E-B72EDF8B54EE}.Release|Any CPU.ActiveCfg = Release|Any CPU
		{98AC941E-7C50-451C-A59E-B72EDF8B54EE}.Release|Any CPU.Build.0 = Release|Any CPU
	EndGlobalSection
	GlobalSection(SolutionProperties) = preSolution
		HideSolutionNode = FALSE
	EndGlobalSection
	GlobalSection(ExtensibilityGlobals) = postSolution
		SolutionGuid = {89D02938-2278-4A7D-94F8-7F9AEB8173FE}
	EndGlobalSection
EndGlobal
